
Microsoft Visual Studio Solution File, Format Version 12.00
# Visual Studio 15
VisualStudioVersion = 15.0.28307.168
MinimumVisualStudioVersion = 10.0.40219.1
Project("{2150E333-8FDC-42A3-9474-1A3956D46DE8}") = "Solution Items", "Solution Items", "{13AEBB8C-E913-40E6-875C-AEEFA93C3699}"
	ProjectSection(SolutionItems) = preProject
		.gitignore = .gitignore
	EndProjectSection
EndProject
Project("{FAE04EC0-301F-11D3-BF4B-00C04F79EFBC}") = "messaging-api", "messaging-api\messaging-api.csproj", "{17528F32-B637-4F82-A58E-A2716B50A366}"
EndProject
Project("{9A19103F-16F7-4668-BE54-9A1E7A4F7556}") = "api-clients", "..\common\api-clients\api-clients.csproj", "{C0B296FB-1971-4379-8EE3-1F9FBA6367FA}"
EndProject
Global
	GlobalSection(SolutionConfigurationPlatforms) = preSolution
		Debug|Any CPU = Debug|Any CPU
		Release|Any CPU = Release|Any CPU
	EndGlobalSection
	GlobalSection(ProjectConfigurationPlatforms) = postSolution
		{17528F32-B637-4F82-A58E-A2716B50A366}.Debug|Any CPU.ActiveCfg = Debug|Any CPU
		{17528F32-B637-4F82-A58E-A2716B50A366}.Debug|Any CPU.Build.0 = Debug|Any CPU
		{17528F32-B637-4F82-A58E-A2716B50A366}.Release|Any CPU.ActiveCfg = Release|Any CPU
		{17528F32-B637-4F82-A58E-A2716B50A366}.Release|Any CPU.Build.0 = Release|Any CPU
		{C0B296FB-1971-4379-8EE3-1F9FBA6367FA}.Debug|Any CPU.ActiveCfg = Debug|Any CPU
		{C0B296FB-1971-4379-8EE3-1F9FBA6367FA}.Debug|Any CPU.Build.0 = Debug|Any CPU
		{C0B296FB-1971-4379-8EE3-1F9FBA6367FA}.Release|Any CPU.ActiveCfg = Release|Any CPU
		{C0B296FB-1971-4379-8EE3-1F9FBA6367FA}.Release|Any CPU.Build.0 = Release|Any CPU
	EndGlobalSection
	GlobalSection(SolutionProperties) = preSolution
		HideSolutionNode = FALSE
	EndGlobalSection
	GlobalSection(ExtensibilityGlobals) = postSolution
		SolutionGuid = {6B437F6B-FF92-4B2A-B853-2A76F6BE0B20}
	EndGlobalSection
EndGlobal
